{
  "object": {
    "pins": [
      {
        "package": "Socket",
        "repositoryURL": "https://github.com/IBM-Swift/BlueSocket.git",
        "state": {
          "branch": null,
          "revision": "e2f6aee81b9e316f61e173e8350cb69d7714ead8",
          "version": "1.0.10"
        }
      },
      {
        "package": "SSLService",
        "repositoryURL": "https://github.com/IBM-Swift/BlueSSLService.git",
        "state": {
          "branch": null,
          "revision": "f4c012b783f8809d4e6597b304357c5324ff459b",
          "version": "1.0.10"
        }
      },
      {
        "package": "BSON",
        "repositoryURL": "https://github.com/OpenKitten/BSON.git",
        "state": {
          "branch": null,
          "revision": "3edad325da31095c9d54d04c6125f1fec1f3c5bf",
          "version": "5.2.3"
        }
      },
      {
        "package": "CCurl",
        "repositoryURL": "https://github.com/IBM-Swift/CCurl.git",
        "state": {
          "branch": null,
          "revision": "2a431e3a5fb8d004aa7d4d1bebb5d511f568c43e",
          "version": "1.0.0"
        }
      },
      {
        "package": "Cheetah",
        "repositoryURL": "https://github.com/OpenKitten/Cheetah.git",
        "state": {
          "branch": null,
          "revision": "801f4fa278670719bec074b708241878ad5fb25e",
          "version": "2.0.2"
        }
      },
      {
        "package": "CryptoKitten",
        "repositoryURL": "https://github.com/OpenKitten/CryptoKitten.git",
        "state": {
          "branch": null,
          "revision": "bf7a4d6dbd6f4bbd96ae620101239446d2cdd3f9",
          "version": "0.2.3"
        }
      },
      {
        "package": "CryptoSwift",
        "repositoryURL": "https://github.com/krzyzanowskim/CryptoSwift",
        "state": {
          "branch": null,
          "revision": "ea8c0769151d7d9587e1768094a517890114391e",
          "version": "0.10.0"
        }
      },
      {
        "package": "Kitura",
        "repositoryURL": "https://github.com/IBM-Swift/Kitura",
        "state": {
          "branch": null,
          "revision": "daa071669590584b6d9c277a2e3c465a904cd0d7",
          "version": "2.4.1"
        }
      },
      {
        "package": "Kitura-net",
        "repositoryURL": "https://github.com/IBM-Swift/Kitura-net.git",
        "state": {
          "branch": null,
          "revision": "755c39febb661d5da85e1ec9fcf98721c420af0a",
          "version": "2.1.0"
        }
      },
      {
        "package": "Kitura-TemplateEngine",
        "repositoryURL": "https://github.com/IBM-Swift/Kitura-TemplateEngine.git",
        "state": {
          "branch": null,
          "revision": "b030d2d176719acc6a902c40db1b87dc6a83e2fc",
          "version": "2.0.0"
        }
      },
      {
        "package": "KituraContracts",
        "repositoryURL": "https://github.com/IBM-Swift/KituraContracts.git",
        "state": {
          "branch": null,
          "revision": "fca1d07d9e81cfd3d70822a6b2544bc5c9f366fd",
          "version": "1.0.1"
        }
      },
      {
        "package": "LoggerAPI",
        "repositoryURL": "https://github.com/IBM-Swift/LoggerAPI.git",
        "state": {
          "branch": null,
          "revision": "5041f2673aa75d6e973d9b6bd3956bc5068387c8",
          "version": "1.7.3"
        }
      },
      {
        "package": "Meow",
        "repositoryURL": "https://github.com/OpenKitten/Meow",
        "state": {
          "branch": null,
          "revision": "e1414b2e8d1e2ad0276849ecee6ea6c339682538",
          "version": "1.0.0"
        }
      },
      {
        "package": "MongoKitten",
        "repositoryURL": "https://github.com/OpenKitten/MongoKitten",
        "state": {
          "branch": null,
          "revision": "f564cc39c6088c23bbafd7ea8910dc270517b77e",
          "version": "4.1.3"
        }
      },
      {
        "package": "PromiseKit",
        "repositoryURL": "https://github.com/mxcl/PromiseKit",
        "state": {
          "branch": null,
          "revision": "f70416ab7b5458adf3559365c09c869b81eeb864",
          "version": "6.3.4"
        }
      },
      {
        "package": "Schrodinger",
        "repositoryURL": "https://github.com/OpenKitten/Schrodinger.git",
        "state": {
          "branch": null,
          "revision": "d7030fe0a4a6eeddc02044650a8b409a4f57365a",
          "version": "1.0.1"
        }
      },
      {
        "package": "TypeDecoder",
        "repositoryURL": "https://github.com/IBM-Swift/TypeDecoder.git",
        "state": {
          "branch": null,
          "revision": "3a321fc0ccbd49a9e240b0c0df3b290f393960d2",
          "version": "1.0.0"
        }
      }
    ]
  },
  "version": 1
}
